// !$*UTF8*$!
{
	archiveVersion = 1;
	classes = {
	};
	objectVersion = 55;
	objects = {

/* Begin PBXBuildFile section */
		E1708A1828BD94DD003D060E /* AppDelegate.swift in Sources */ = {isa = PBXBuildFile; fileRef = E1708A1728BD94DD003D060E /* AppDelegate.swift */; };
		E1708A1A28BD94DD003D060E /* SceneDelegate.swift in Sources */ = {isa = PBXBuildFile; fileRef = E1708A1928BD94DD003D060E /* SceneDelegate.swift */; };
		E1708A1C28BD94DD003D060E /* ViewController.swift in Sources */ = {isa = PBXBuildFile; fileRef = E1708A1B28BD94DD003D060E /* ViewController.swift */; };
		E1708A1F28BD94DD003D060E /* Main.storyboard in Resources */ = {isa = PBXBuildFile; fileRef = E1708A1D28BD94DD003D060E /* Main.storyboard */; };
		E1708A2128BD94E1003D060E /* Assets.xcassets in Resources */ = {isa = PBXBuildFile; fileRef = E1708A2028BD94E1003D060E /* Assets.xcassets */; };
		E1708A2428BD94E1003D060E /* LaunchScreen.storyboard in Resources */ = {isa = PBXBuildFile; fileRef = E1708A2228BD94E1003D060E /* LaunchScreen.storyboard */; };
		E1708A2D28BD9505003D060E /* LottoAPIManager.swift in Sources */ = {isa = PBXBuildFile; fileRef = E1708A2C28BD9505003D060E /* LottoAPIManager.swift */; };
		E1A4A53628C037F900886C0C /* Sample.swift in Sources */ = {isa = PBXBuildFile; fileRef = E1A4A53528C037F900886C0C /* Sample.swift */; };
		E1A4A53B28C0484E00886C0C /* LoginViewController.swift in Sources */ = {isa = PBXBuildFile; fileRef = E1A4A53A28C0484E00886C0C /* LoginViewController.swift */; };
		E1A4A53E28C04A0D00886C0C /* Login.swift in Sources */ = {isa = PBXBuildFile; fileRef = E1A4A53D28C04A0D00886C0C /* Login.swift */; };
		E1A4A54128C05AEA00886C0C /* LottoViewController.swift in Sources */ = {isa = PBXBuildFile; fileRef = E1A4A54028C05AEA00886C0C /* LottoViewController.swift */; };
		E1A4A54428C05C2B00886C0C /* LottoViewModel.swift in Sources */ = {isa = PBXBuildFile; fileRef = E1A4A54328C05C2B00886C0C /* LottoViewModel.swift */; };
		E1BC7A3B28BEF8D500BF1967 /* Observable.swift in Sources */ = {isa = PBXBuildFile; fileRef = E1BC7A3A28BEF8D500BF1967 /* Observable.swift */; };
		E1BC7A3D28BEFC0B00BF1967 /* PersonViewModel.swift in Sources */ = {isa = PBXBuildFile; fileRef = E1BC7A3C28BEFC0B00BF1967 /* PersonViewModel.swift */; };
		E1DA059328BD9BD4007869F3 /* Lotto.swift in Sources */ = {isa = PBXBuildFile; fileRef = E1DA059228BD9BD4007869F3 /* Lotto.swift */; };
		E1DA059628BDA731007869F3 /* PersonAPIManager.swift in Sources */ = {isa = PBXBuildFile; fileRef = E1DA059528BDA731007869F3 /* PersonAPIManager.swift */; };
		E1DA059828BDA907007869F3 /* Person.swift in Sources */ = {isa = PBXBuildFile; fileRef = E1DA059728BDA907007869F3 /* Person.swift */; };
		E1DA059A28BDB773007869F3 /* URLSession+Extention.swift in Sources */ = {isa = PBXBuildFile; fileRef = E1DA059928BDB773007869F3 /* URLSession+Extention.swift */; };
/* End PBXBuildFile section */

/* Begin PBXFileReference section */
		E1708A1428BD94DD003D060E /* SeSacWek9.app */ = {isa = PBXFileReference; explicitFileType = wrapper.application; includeInIndex = 0; path = SeSacWek9.app; sourceTree = BUILT_PRODUCTS_DIR; };
		E1708A1728BD94DD003D060E /* AppDelegate.swift */ = {isa = PBXFileReference; lastKnownFileType = sourcecode.swift; path = AppDelegate.swift; sourceTree = "<group>"; };
		E1708A1928BD94DD003D060E /* SceneDelegate.swift */ = {isa = PBXFileReference; lastKnownFileType = sourcecode.swift; path = SceneDelegate.swift; sourceTree = "<group>"; };
		E1708A1B28BD94DD003D060E /* ViewController.swift */ = {isa = PBXFileReference; lastKnownFileType = sourcecode.swift; path = ViewController.swift; sourceTree = "<group>"; };
		E1708A1E28BD94DD003D060E /* Base */ = {isa = PBXFileReference; lastKnownFileType = file.storyboard; name = Base; path = Base.lproj/Main.storyboard; sourceTree = "<group>"; };
		E1708A2028BD94E1003D060E /* Assets.xcassets */ = {isa = PBXFileReference; lastKnownFileType = folder.assetcatalog; path = Assets.xcassets; sourceTree = "<group>"; };
		E1708A2328BD94E1003D060E /* Base */ = {isa = PBXFileReference; lastKnownFileType = file.storyboard; name = Base; path = Base.lproj/LaunchScreen.storyboard; sourceTree = "<group>"; };
		E1708A2528BD94E1003D060E /* Info.plist */ = {isa = PBXFileReference; lastKnownFileType = text.plist.xml; path = Info.plist; sourceTree = "<group>"; };
		E1708A2C28BD9505003D060E /* LottoAPIManager.swift */ = {isa = PBXFileReference; lastKnownFileType = sourcecode.swift; path = LottoAPIManager.swift; sourceTree = "<group>"; };
		E1A4A53528C037F900886C0C /* Sample.swift */ = {isa = PBXFileReference; lastKnownFileType = sourcecode.swift; path = Sample.swift; sourceTree = "<group>"; };
		E1A4A53A28C0484E00886C0C /* LoginViewController.swift */ = {isa = PBXFileReference; lastKnownFileType = sourcecode.swift; path = LoginViewController.swift; sourceTree = "<group>"; };
		E1A4A53D28C04A0D00886C0C /* Login.swift */ = {isa = PBXFileReference; lastKnownFileType = sourcecode.swift; path = Login.swift; sourceTree = "<group>"; };
		E1A4A54028C05AEA00886C0C /* LottoViewController.swift */ = {isa = PBXFileReference; lastKnownFileType = sourcecode.swift; path = LottoViewController.swift; sourceTree = "<group>"; };
		E1A4A54328C05C2B00886C0C /* LottoViewModel.swift */ = {isa = PBXFileReference; lastKnownFileType = sourcecode.swift; path = LottoViewModel.swift; sourceTree = "<group>"; };
		E1BC7A3A28BEF8D500BF1967 /* Observable.swift */ = {isa = PBXFileReference; lastKnownFileType = sourcecode.swift; path = Observable.swift; sourceTree = "<group>"; };
		E1BC7A3C28BEFC0B00BF1967 /* PersonViewModel.swift */ = {isa = PBXFileReference; lastKnownFileType = sourcecode.swift; path = PersonViewModel.swift; sourceTree = "<group>"; };
		E1DA059228BD9BD4007869F3 /* Lotto.swift */ = {isa = PBXFileReference; lastKnownFileType = sourcecode.swift; path = Lotto.swift; sourceTree = "<group>"; };
		E1DA059528BDA731007869F3 /* PersonAPIManager.swift */ = {isa = PBXFileReference; lastKnownFileType = sourcecode.swift; path = PersonAPIManager.swift; sourceTree = "<group>"; };
		E1DA059728BDA907007869F3 /* Person.swift */ = {isa = PBXFileReference; lastKnownFileType = sourcecode.swift; path = Person.swift; sourceTree = "<group>"; };
		E1DA059928BDB773007869F3 /* URLSession+Extention.swift */ = {isa = PBXFileReference; lastKnownFileType = sourcecode.swift; path = "URLSession+Extention.swift"; sourceTree = "<group>"; };
/* End PBXFileReference section */

/* Begin PBXFrameworksBuildPhase section */
		E1708A1128BD94DD003D060E /* Frameworks */ = {
			isa = PBXFrameworksBuildPhase;
			buildActionMask = 2147483647;
			files = (
			);
			runOnlyForDeploymentPostprocessing = 0;
		};
/* End PBXFrameworksBuildPhase section */

/* Begin PBXGroup section */
		E1708A0B28BD94DD003D060E = {
			isa = PBXGroup;
			children = (
				E1708A1628BD94DD003D060E /* SeSacWek9 */,
				E1708A1528BD94DD003D060E /* Products */,
			);
			sourceTree = "<group>";
		};
		E1708A1528BD94DD003D060E /* Products */ = {
			isa = PBXGroup;
			children = (
				E1708A1428BD94DD003D060E /* SeSacWek9.app */,
			);
			name = Products;
			sourceTree = "<group>";
		};
		E1708A1628BD94DD003D060E /* SeSacWek9 */ = {
			isa = PBXGroup;
			children = (
				E1A4A53C28C0485500886C0C /* Present */,
				E1DA059428BDA722007869F3 /* Person */,
				E1A4A53728C046B800886C0C /* Application */,
				E1A4A53928C046D100886C0C /* Common */,
				E1A4A53828C046C600886C0C /* Resource */,
				E1708A2B28BD94F2003D060E /* Lotto */,
				E1708A2528BD94E1003D060E /* Info.plist */,
			);
			path = SeSacWek9;
			sourceTree = "<group>";
		};
		E1708A2B28BD94F2003D060E /* Lotto */ = {
			isa = PBXGroup;
			children = (
				E1708A2C28BD9505003D060E /* LottoAPIManager.swift */,
				E1DA059228BD9BD4007869F3 /* Lotto.swift */,
			);
			path = Lotto;
			sourceTree = "<group>";
		};
		E1A4A53728C046B800886C0C /* Application */ = {
			isa = PBXGroup;
			children = (
				E1708A1728BD94DD003D060E /* AppDelegate.swift */,
				E1708A1928BD94DD003D060E /* SceneDelegate.swift */,
			);
			path = Application;
			sourceTree = "<group>";
		};
		E1A4A53828C046C600886C0C /* Resource */ = {
			isa = PBXGroup;
			children = (
				E1708A1D28BD94DD003D060E /* Main.storyboard */,
				E1708A2028BD94E1003D060E /* Assets.xcassets */,
				E1708A2228BD94E1003D060E /* LaunchScreen.storyboard */,
				E1708A1B28BD94DD003D060E /* ViewController.swift */,
			);
			path = Resource;
			sourceTree = "<group>";
		};
		E1A4A53928C046D100886C0C /* Common */ = {
			isa = PBXGroup;
			children = (
				E1DA059928BDB773007869F3 /* URLSession+Extention.swift */,
				E1BC7A3A28BEF8D500BF1967 /* Observable.swift */,
				E1A4A53528C037F900886C0C /* Sample.swift */,
			);
			path = Common;
			sourceTree = "<group>";
		};
		E1A4A53C28C0485500886C0C /* Present */ = {
			isa = PBXGroup;
			children = (
				E1A4A54228C05AEE00886C0C /* Lotto */,
				E1A4A53F28C04A2800886C0C /* Login */,
			);
			path = Present;
			sourceTree = "<group>";
		};
		E1A4A53F28C04A2800886C0C /* Login */ = {
			isa = PBXGroup;
			children = (
				E1A4A53A28C0484E00886C0C /* LoginViewController.swift */,
				E1A4A53D28C04A0D00886C0C /* Login.swift */,
			);
			path = Login;
			sourceTree = "<group>";
		};
		E1A4A54228C05AEE00886C0C /* Lotto */ = {
			isa = PBXGroup;
			children = (
				E1A4A54328C05C2B00886C0C /* LottoViewModel.swift */,
				E1A4A54028C05AEA00886C0C /* LottoViewController.swift */,
			);
			path = Lotto;
			sourceTree = "<group>";
		};
		E1DA059428BDA722007869F3 /* Person */ = {
			isa = PBXGroup;
			children = (
				E1DA059528BDA731007869F3 /* PersonAPIManager.swift */,
				E1DA059728BDA907007869F3 /* Person.swift */,
				E1BC7A3C28BEFC0B00BF1967 /* PersonViewModel.swift */,
			);
			path = Person;
			sourceTree = "<group>";
		};
/* End PBXGroup section */

/* Begin PBXNativeTarget section */
		E1708A1328BD94DD003D060E /* SeSacWek9 */ = {
			isa = PBXNativeTarget;
			buildConfigurationList = E1708A2828BD94E1003D060E /* Build configuration list for PBXNativeTarget "SeSacWek9" */;
			buildPhases = (
				E1708A1028BD94DD003D060E /* Sources */,
				E1708A1128BD94DD003D060E /* Frameworks */,
				E1708A1228BD94DD003D060E /* Resources */,
			);
			buildRules = (
			);
			dependencies = (
			);
			name = SeSacWek9;
			productName = SeSacWek9;
			productReference = E1708A1428BD94DD003D060E /* SeSacWek9.app */;
			productType = "com.apple.product-type.application";
		};
/* End PBXNativeTarget section */

/* Begin PBXProject section */
		E1708A0C28BD94DD003D060E /* Project object */ = {
			isa = PBXProject;
			attributes = {
				BuildIndependentTargetsInParallel = 1;
				LastSwiftUpdateCheck = 1340;
				LastUpgradeCheck = 1340;
				TargetAttributes = {
					E1708A1328BD94DD003D060E = {
						CreatedOnToolsVersion = 13.4.1;
					};
				};
			};
			buildConfigurationList = E1708A0F28BD94DD003D060E /* Build configuration list for PBXProject "SeSacWek9" */;
			compatibilityVersion = "Xcode 13.0";
			developmentRegion = en;
			hasScannedForEncodings = 0;
			knownRegions = (
				en,
				Base,
			);
			mainGroup = E1708A0B28BD94DD003D060E;
			productRefGroup = E1708A1528BD94DD003D060E /* Products */;
			projectDirPath = "";
			projectRoot = "";
			targets = (
				E1708A1328BD94DD003D060E /* SeSacWek9 */,
			);
		};
/* End PBXProject section */

/* Begin PBXResourcesBuildPhase section */
		E1708A1228BD94DD003D060E /* Resources */ = {
			isa = PBXResourcesBuildPhase;
			buildActionMask = 2147483647;
			files = (
				E1708A2428BD94E1003D060E /* LaunchScreen.storyboard in Resources */,
				E1708A2128BD94E1003D060E /* Assets.xcassets in Resources */,
				E1708A1F28BD94DD003D060E /* Main.storyboard in Resources */,
			);
			runOnlyForDeploymentPostprocessing = 0;
		};
/* End PBXResourcesBuildPhase section */

/* Begin PBXSourcesBuildPhase section */
		E1708A1028BD94DD003D060E /* Sources */ = {
			isa = PBXSourcesBuildPhase;
			buildActionMask = 2147483647;
			files = (
				E1BC7A3B28BEF8D500BF1967 /* Observable.swift in Sources */,
				E1BC7A3D28BEFC0B00BF1967 /* PersonViewModel.swift in Sources */,
				E1708A1C28BD94DD003D060E /* ViewController.swift in Sources */,
				E1A4A54128C05AEA00886C0C /* LottoViewController.swift in Sources */,
				E1708A1828BD94DD003D060E /* AppDelegate.swift in Sources */,
				E1DA059328BD9BD4007869F3 /* Lotto.swift in Sources */,
				E1DA059628BDA731007869F3 /* PersonAPIManager.swift in Sources */,
				E1DA059828BDA907007869F3 /* Person.swift in Sources */,
				E1DA059A28BDB773007869F3 /* URLSession+Extention.swift in Sources */,
				E1A4A53B28C0484E00886C0C /* LoginViewController.swift in Sources */,
				E1708A1A28BD94DD003D060E /* SceneDelegate.swift in Sources */,
				E1A4A53E28C04A0D00886C0C /* Login.swift in Sources */,
				E1A4A54428C05C2B00886C0C /* LottoViewModel.swift in Sources */,
				E1A4A53628C037F900886C0C /* Sample.swift in Sources */,
				E1708A2D28BD9505003D060E /* LottoAPIManager.swift in Sources */,
			);
			runOnlyForDeploymentPostprocessing = 0;
		};
/* End PBXSourcesBuildPhase section */

/* Begin PBXVariantGroup section */
		E1708A1D28BD94DD003D060E /* Main.storyboard */ = {
			isa = PBXVariantGroup;
			children = (
				E1708A1E28BD94DD003D060E /* Base */,
			);
			name = Main.storyboard;
			sourceTree = "<group>";
		};
		E1708A2228BD94E1003D060E /* LaunchScreen.storyboard */ = {
			isa = PBXVariantGroup;
			children = (
				E1708A2328BD94E1003D060E /* Base */,
			);
			name = LaunchScreen.storyboard;
			sourceTree = "<group>";
		};
/* End PBXVariantGroup section */

/* Begin XCBuildConfiguration section */
		E1708A2628BD94E1003D060E /* Debug */ = {
			isa = XCBuildConfiguration;
			buildSettings = {
				ALWAYS_SEARCH_USER_PATHS = NO;
				CLANG_ANALYZER_NONNULL = YES;
				CLANG_ANALYZER_NUMBER_OBJECT_CONVERSION = YES_AGGRESSIVE;
				CLANG_CXX_LANGUAGE_STANDARD = "gnu++17";
				CLANG_ENABLE_MODULES = YES;
				CLANG_ENABLE_OBJC_ARC = YES;
				CLANG_ENABLE_OBJC_WEAK = YES;
				CLANG_WARN_BLOCK_CAPTURE_AUTORELEASING = YES;
				CLANG_WARN_BOOL_CONVERSION = YES;
				CLANG_WARN_COMMA = YES;
				CLANG_WARN_CONSTANT_CONVERSION = YES;
				CLANG_WARN_DEPRECATED_OBJC_IMPLEMENTATIONS = YES;
				CLANG_WARN_DIRECT_OBJC_ISA_USAGE = YES_ERROR;
				CLANG_WARN_DOCUMENTATION_COMMENTS = YES;
				CLANG_WARN_EMPTY_BODY = YES;
				CLANG_WARN_ENUM_CONVERSION = YES;
				CLANG_WARN_INFINITE_RECURSION = YES;
				CLANG_WARN_INT_CONVERSION = YES;
				CLANG_WARN_NON_LITERAL_NULL_CONVERSION = YES;
				CLANG_WARN_OBJC_IMPLICIT_RETAIN_SELF = YES;
				CLANG_WARN_OBJC_LITERAL_CONVERSION = YES;
				CLANG_WARN_OBJC_ROOT_CLASS = YES_ERROR;
				CLANG_WARN_QUOTED_INCLUDE_IN_FRAMEWORK_HEADER = YES;
				CLANG_WARN_RANGE_LOOP_ANALYSIS = YES;
				CLANG_WARN_STRICT_PROTOTYPES = YES;
				CLANG_WARN_SUSPICIOUS_MOVE = YES;
				CLANG_WARN_UNGUARDED_AVAILABILITY = YES_AGGRESSIVE;
				CLANG_WARN_UNREACHABLE_CODE = YES;
				CLANG_WARN__DUPLICATE_METHOD_MATCH = YES;
				COPY_PHASE_STRIP = NO;
				DEBUG_INFORMATION_FORMAT = dwarf;
				ENABLE_STRICT_OBJC_MSGSEND = YES;
				ENABLE_TESTABILITY = YES;
				GCC_C_LANGUAGE_STANDARD = gnu11;
				GCC_DYNAMIC_NO_PIC = NO;
				GCC_NO_COMMON_BLOCKS = YES;
				GCC_OPTIMIZATION_LEVEL = 0;
				GCC_PREPROCESSOR_DEFINITIONS = (
					"DEBUG=1",
					"$(inherited)",
				);
				GCC_WARN_64_TO_32_BIT_CONVERSION = YES;
				GCC_WARN_ABOUT_RETURN_TYPE = YES_ERROR;
				GCC_WARN_UNDECLARED_SELECTOR = YES;
				GCC_WARN_UNINITIALIZED_AUTOS = YES_AGGRESSIVE;
				GCC_WARN_UNUSED_FUNCTION = YES;
				GCC_WARN_UNUSED_VARIABLE = YES;
				IPHONEOS_DEPLOYMENT_TARGET = 15.5;
				MTL_ENABLE_DEBUG_INFO = INCLUDE_SOURCE;
				MTL_FAST_MATH = YES;
				ONLY_ACTIVE_ARCH = YES;
				SDKROOT = iphoneos;
				SWIFT_ACTIVE_COMPILATION_CONDITIONS = DEBUG;
				SWIFT_OPTIMIZATION_LEVEL = "-Onone";
			};
			name = Debug;
		};
		E1708A2728BD94E1003D060E /* Release */ = {
			isa = XCBuildConfiguration;
			buildSettings = {
				ALWAYS_SEARCH_USER_PATHS = NO;
				CLANG_ANALYZER_NONNULL = YES;
				CLANG_ANALYZER_NUMBER_OBJECT_CONVERSION = YES_AGGRESSIVE;
				CLANG_CXX_LANGUAGE_STANDARD = "gnu++17";
				CLANG_ENABLE_MODULES = YES;
				CLANG_ENABLE_OBJC_ARC = YES;
				CLANG_ENABLE_OBJC_WEAK = YES;
				CLANG_WARN_BLOCK_CAPTURE_AUTORELEASING = YES;
				CLANG_WARN_BOOL_CONVERSION = YES;
				CLANG_WARN_COMMA = YES;
				CLANG_WARN_CONSTANT_CONVERSION = YES;
				CLANG_WARN_DEPRECATED_OBJC_IMPLEMENTATIONS = YES;
				CLANG_WARN_DIRECT_OBJC_ISA_USAGE = YES_ERROR;
				CLANG_WARN_DOCUMENTATION_COMMENTS = YES;
				CLANG_WARN_EMPTY_BODY = YES;
				CLANG_WARN_ENUM_CONVERSION = YES;
				CLANG_WARN_INFINITE_RECURSION = YES;
				CLANG_WARN_INT_CONVERSION = YES;
				CLANG_WARN_NON_LITERAL_NULL_CONVERSION = YES;
				CLANG_WARN_OBJC_IMPLICIT_RETAIN_SELF = YES;
				CLANG_WARN_OBJC_LITERAL_CONVERSION = YES;
				CLANG_WARN_OBJC_ROOT_CLASS = YES_ERROR;
				CLANG_WARN_QUOTED_INCLUDE_IN_FRAMEWORK_HEADER = YES;
				CLANG_WARN_RANGE_LOOP_ANALYSIS = YES;
				CLANG_WARN_STRICT_PROTOTYPES = YES;
				CLANG_WARN_SUSPICIOUS_MOVE = YES;
				CLANG_WARN_UNGUARDED_AVAILABILITY = YES_AGGRESSIVE;
				CLANG_WARN_UNREACHABLE_CODE = YES;
				CLANG_WARN__DUPLICATE_METHOD_MATCH = YES;
				COPY_PHASE_STRIP = NO;
				DEBUG_INFORMATION_FORMAT = "dwarf-with-dsym";
				ENABLE_NS_ASSERTIONS = NO;
				ENABLE_STRICT_OBJC_MSGSEND = YES;
				GCC_C_LANGUAGE_STANDARD = gnu11;
				GCC_NO_COMMON_BLOCKS = YES;
				GCC_WARN_64_TO_32_BIT_CONVERSION = YES;
				GCC_WARN_ABOUT_RETURN_TYPE = YES_ERROR;
				GCC_WARN_UNDECLARED_SELECTOR = YES;
				GCC_WARN_UNINITIALIZED_AUTOS = YES_AGGRESSIVE;
				GCC_WARN_UNUSED_FUNCTION = YES;
				GCC_WARN_UNUSED_VARIABLE = YES;
				IPHONEOS_DEPLOYMENT_TARGET = 15.5;
				MTL_ENABLE_DEBUG_INFO = NO;
				MTL_FAST_MATH = YES;
				SDKROOT = iphoneos;
				SWIFT_COMPILATION_MODE = wholemodule;
				SWIFT_OPTIMIZATION_LEVEL = "-O";
				VALIDATE_PRODUCT = YES;
			};
			name = Release;
		};
		E1708A2928BD94E1003D060E /* Debug */ = {
			isa = XCBuildConfiguration;
			buildSettings = {
				ASSETCATALOG_COMPILER_APPICON_NAME = AppIcon;
				ASSETCATALOG_COMPILER_GLOBAL_ACCENT_COLOR_NAME = AccentColor;
				CODE_SIGN_STYLE = Automatic;
				CURRENT_PROJECT_VERSION = 1;
				DEVELOPMENT_TEAM = 5MHUF29PV8;
				GENERATE_INFOPLIST_FILE = YES;
				INFOPLIST_FILE = SeSacWek9/Info.plist;
				INFOPLIST_KEY_UIApplicationSupportsIndirectInputEvents = YES;
				INFOPLIST_KEY_UILaunchStoryboardName = LaunchScreen;
				INFOPLIST_KEY_UIMainStoryboardFile = Main;
				INFOPLIST_KEY_UISupportedInterfaceOrientations_iPad = "UIInterfaceOrientationPortrait UIInterfaceOrientationPortraitUpsideDown UIInterfaceOrientationLandscapeLeft UIInterfaceOrientationLandscapeRight";
				INFOPLIST_KEY_UISupportedInterfaceOrientations_iPhone = "UIInterfaceOrientationPortrait UIInterfaceOrientationLandscapeLeft UIInterfaceOrientationLandscapeRight";
				LD_RUNPATH_SEARCH_PATHS = (
					"$(inherited)",
					"@executable_path/Frameworks",
				);
				MARKETING_VERSION = 1.0;
				PRODUCT_BUNDLE_IDENTIFIER = com.sesac.SeSacWek9;
				PRODUCT_NAME = "$(TARGET_NAME)";
				SWIFT_EMIT_LOC_STRINGS = YES;
				SWIFT_VERSION = 5.0;
				TARGETED_DEVICE_FAMILY = 1;
			};
			name = Debug;
		};
		E1708A2A28BD94E1003D060E /* Release */ = {
			isa = XCBuildConfiguration;
			buildSettings = {
				ASSETCATALOG_COMPILER_APPICON_NAME = AppIcon;
				ASSETCATALOG_COMPILER_GLOBAL_ACCENT_COLOR_NAME = AccentColor;
				CODE_SIGN_STYLE = Automatic;
				CURRENT_PROJECT_VERSION = 1;
				DEVELOPMENT_TEAM = 5MHUF29PV8;
				GENERATE_INFOPLIST_FILE = YES;
				INFOPLIST_FILE = SeSacWek9/Info.plist;
				INFOPLIST_KEY_UIApplicationSupportsIndirectInputEvents = YES;
				INFOPLIST_KEY_UILaunchStoryboardName = LaunchScreen;
				INFOPLIST_KEY_UIMainStoryboardFile = Main;
				INFOPLIST_KEY_UISupportedInterfaceOrientations_iPad = "UIInterfaceOrientationPortrait UIInterfaceOrientationPortraitUpsideDown UIInterfaceOrientationLandscapeLeft UIInterfaceOrientationLandscapeRight";
				INFOPLIST_KEY_UISupportedInterfaceOrientations_iPhone = "UIInterfaceOrientationPortrait UIInterfaceOrientationLandscapeLeft UIInterfaceOrientationLandscapeRight";
				LD_RUNPATH_SEARCH_PATHS = (
					"$(inherited)",
					"@executable_path/Frameworks",
				);
				MARKETING_VERSION = 1.0;
				PRODUCT_BUNDLE_IDENTIFIER = com.sesac.SeSacWek9;
				PRODUCT_NAME = "$(TARGET_NAME)";
				SWIFT_EMIT_LOC_STRINGS = YES;
				SWIFT_VERSION = 5.0;
				TARGETED_DEVICE_FAMILY = 1;
			};
			name = Release;
		};
/* End XCBuildConfiguration section */

/* Begin XCConfigurationList section */
		E1708A0F28BD94DD003D060E /* Build configuration list for PBXProject "SeSacWek9" */ = {
			isa = XCConfigurationList;
			buildConfigurations = (
				E1708A2628BD94E1003D060E /* Debug */,
				E1708A2728BD94E1003D060E /* Release */,
			);
			defaultConfigurationIsVisible = 0;
			defaultConfigurationName = Release;
		};
		E1708A2828BD94E1003D060E /* Build configuration list for PBXNativeTarget "SeSacWek9" */ = {
			isa = XCConfigurationList;
			buildConfigurations = (
				E1708A2928BD94E1003D060E /* Debug */,
				E1708A2A28BD94E1003D060E /* Release */,
			);
			defaultConfigurationIsVisible = 0;
			defaultConfigurationName = Release;
		};
/* End XCConfigurationList section */
	};
	rootObject = E1708A0C28BD94DD003D060E /* Project object */;
}
